
Microsoft Visual Studio Solution File, Format Version 12.00
# Visual Studio Version 17
VisualStudioVersion = 17.11.35219.272
MinimumVisualStudioVersion = 10.0.40219.1
Project("{FAE04EC0-301F-11D3-BF4B-00C04F79EFBC}") = "Code_First_Tutorial", "Code_First_Tutorial.csproj", "{540E7F81-3645-41F3-84B5-315EDB980999}"
EndProject
Global
	GlobalSection(SolutionConfigurationPlatforms) = preSolution
		Debug|Any CPU = Debug|Any CPU
		Release|Any CPU = Release|Any CPU
	EndGlobalSection
	GlobalSection(ProjectConfigurationPlatforms) = postSolution
		{540E7F81-3645-41F3-84B5-315EDB980999}.Debug|Any CPU.ActiveCfg = Debug|Any CPU
		{540E7F81-3645-41F3-84B5-315EDB980999}.Debug|Any CPU.Build.0 = Debug|Any CPU
		{540E7F81-3645-41F3-84B5-315EDB980999}.Release|Any CPU.ActiveCfg = Release|Any CPU
		{540E7F81-3645-41F3-84B5-315EDB980999}.Release|Any CPU.Build.0 = Release|Any CPU
	EndGlobalSection
	GlobalSection(SolutionProperties) = preSolution
		HideSolutionNode = FALSE
	EndGlobalSection
	GlobalSection(ExtensibilityGlobals) = postSolution
		SolutionGuid = {035051A6-B0D3-431C-A27B-79DD8B308BD3}
	EndGlobalSection
EndGlobal
