
Microsoft Visual Studio Solution File, Format Version 12.00
# Visual Studio Version 17
VisualStudioVersion = 17.11.35219.272
MinimumVisualStudioVersion = 10.0.40219.1
Project("{FAE04EC0-301F-11D3-BF4B-00C04F79EFBC}") = "LINQTOSQL", "LINQTOSQL.csproj", "{01C32B51-E6E5-41FB-8415-D02C03522C5E}"
EndProject
Global
	GlobalSection(SolutionConfigurationPlatforms) = preSolution
		Debug|Any CPU = Debug|Any CPU
		Release|Any CPU = Release|Any CPU
	EndGlobalSection
	GlobalSection(ProjectConfigurationPlatforms) = postSolution
		{01C32B51-E6E5-41FB-8415-D02C03522C5E}.Debug|Any CPU.ActiveCfg = Debug|Any CPU
		{01C32B51-E6E5-41FB-8415-D02C03522C5E}.Debug|Any CPU.Build.0 = Debug|Any CPU
		{01C32B51-E6E5-41FB-8415-D02C03522C5E}.Release|Any CPU.ActiveCfg = Release|Any CPU
		{01C32B51-E6E5-41FB-8415-D02C03522C5E}.Release|Any CPU.Build.0 = Release|Any CPU
	EndGlobalSection
	GlobalSection(SolutionProperties) = preSolution
		HideSolutionNode = FALSE
	EndGlobalSection
	GlobalSection(ExtensibilityGlobals) = postSolution
		SolutionGuid = {9FAC538C-47B5-4059-BEE5-2C99C2262A6E}
	EndGlobalSection
EndGlobal
